// !$*UTF8*$!
{
	archiveVersion = 1;
	classes = {
	};
	objectVersion = 56;
	objects = {

/* Begin PBXBuildFile section */
		230755FB2D1B714700CBCA07 /* Category.swift in Sources */ = {isa = PBXBuildFile; fileRef = 230755FA2D1B714700CBCA07 /* Category.swift */; };
		230755FD2D1B74A400CBCA07 /* MoneyOperation.swift in Sources */ = {isa = PBXBuildFile; fileRef = 230755FC2D1B74A400CBCA07 /* MoneyOperation.swift */; };
		230AE6EC2D3BC8DA005336E0 /* GoogleSignIn in Frameworks */ = {isa = PBXBuildFile; productRef = 230AE6EB2D3BC8DA005336E0 /* GoogleSignIn */; };
		230AE6EE2D3BC8DA005336E0 /* GoogleSignInSwift in Frameworks */ = {isa = PBXBuildFile; productRef = 230AE6ED2D3BC8DA005336E0 /* GoogleSignInSwift */; };
		230AE6F22D3BDA6F005336E0 /* SignInManager.swift in Sources */ = {isa = PBXBuildFile; fileRef = 230AE6F12D3BDA6F005336E0 /* SignInManager.swift */; };
		230AE6F42D3BDB60005336E0 /* KeychainManager.swift in Sources */ = {isa = PBXBuildFile; fileRef = 230AE6F32D3BDB60005336E0 /* KeychainManager.swift */; };
		230AE6F62D3BDBE2005336E0 /* URLStorage.swift in Sources */ = {isa = PBXBuildFile; fileRef = 230AE6F52D3BDBE2005336E0 /* URLStorage.swift */; };
		230AE6F82D3DBEEB005336E0 /* BundleFix.swift in Sources */ = {isa = PBXBuildFile; fileRef = 230AE6F72D3DBEEB005336E0 /* BundleFix.swift */; };
		2313D8482D29F12100517233 /* StatsView.swift in Sources */ = {isa = PBXBuildFile; fileRef = 2313D8472D29F12100517233 /* StatsView.swift */; };
		2313D84B2D2F2F0600517233 /* MoneyManagerStorage.swift in Sources */ = {isa = PBXBuildFile; fileRef = 2313D84A2D2F2F0600517233 /* MoneyManagerStorage.swift */; };
		2315C2C02D18B86B002AEFE7 /* LandmarksApp.swift in Sources */ = {isa = PBXBuildFile; fileRef = 2315C2BF2D18B86B002AEFE7 /* LandmarksApp.swift */; };
		2315C2C22D18B86B002AEFE7 /* ContentView.swift in Sources */ = {isa = PBXBuildFile; fileRef = 2315C2C12D18B86B002AEFE7 /* ContentView.swift */; };
		2315C2C42D18B86C002AEFE7 /* Assets.xcassets in Resources */ = {isa = PBXBuildFile; fileRef = 2315C2C32D18B86C002AEFE7 /* Assets.xcassets */; };
		2315C2C72D18B86C002AEFE7 /* Preview Assets.xcassets in Resources */ = {isa = PBXBuildFile; fileRef = 2315C2C62D18B86C002AEFE7 /* Preview Assets.xcassets */; };
		239436C82D1E0A7800B2C616 /* MoneyManager.swift in Sources */ = {isa = PBXBuildFile; fileRef = 239436C72D1E0A7800B2C616 /* MoneyManager.swift */; };
		239436CA2D1E0AED00B2C616 /* Currency.swift in Sources */ = {isa = PBXBuildFile; fileRef = 239436C92D1E0AED00B2C616 /* Currency.swift */; };
		23985FDB2D1A26F4002945CB /* ExpenseView.swift in Sources */ = {isa = PBXBuildFile; fileRef = 23985FDA2D1A26F4002945CB /* ExpenseView.swift */; };
		23985FDD2D1A27FC002945CB /* IncomeView.swift in Sources */ = {isa = PBXBuildFile; fileRef = 23985FDC2D1A27FC002945CB /* IncomeView.swift */; };
/* End PBXBuildFile section */

/* Begin PBXFileReference section */
		230755FA2D1B714700CBCA07 /* Category.swift */ = {isa = PBXFileReference; lastKnownFileType = sourcecode.swift; path = Category.swift; sourceTree = "<group>"; };
		230755FC2D1B74A400CBCA07 /* MoneyOperation.swift */ = {isa = PBXFileReference; lastKnownFileType = sourcecode.swift; path = MoneyOperation.swift; sourceTree = "<group>"; };
		230AE6EF2D3BC967005336E0 /* Info.plist */ = {isa = PBXFileReference; lastKnownFileType = text.plist; path = Info.plist; sourceTree = "<group>"; };
		230AE6F12D3BDA6F005336E0 /* SignInManager.swift */ = {isa = PBXFileReference; lastKnownFileType = sourcecode.swift; path = SignInManager.swift; sourceTree = "<group>"; };
		230AE6F32D3BDB60005336E0 /* KeychainManager.swift */ = {isa = PBXFileReference; lastKnownFileType = sourcecode.swift; path = KeychainManager.swift; sourceTree = "<group>"; };
		230AE6F52D3BDBE2005336E0 /* URLStorage.swift */ = {isa = PBXFileReference; lastKnownFileType = sourcecode.swift; path = URLStorage.swift; sourceTree = "<group>"; };
		230AE6F72D3DBEEB005336E0 /* BundleFix.swift */ = {isa = PBXFileReference; lastKnownFileType = sourcecode.swift; path = BundleFix.swift; sourceTree = "<group>"; };
		2313D8472D29F12100517233 /* StatsView.swift */ = {isa = PBXFileReference; lastKnownFileType = sourcecode.swift; path = StatsView.swift; sourceTree = "<group>"; };
		2313D84A2D2F2F0600517233 /* MoneyManagerStorage.swift */ = {isa = PBXFileReference; lastKnownFileType = sourcecode.swift; path = MoneyManagerStorage.swift; sourceTree = "<group>"; };
		2315C2BC2D18B86B002AEFE7 /* Landmarks.app */ = {isa = PBXFileReference; explicitFileType = wrapper.application; includeInIndex = 0; path = Landmarks.app; sourceTree = BUILT_PRODUCTS_DIR; };
		2315C2BF2D18B86B002AEFE7 /* LandmarksApp.swift */ = {isa = PBXFileReference; lastKnownFileType = sourcecode.swift; path = LandmarksApp.swift; sourceTree = "<group>"; };
		2315C2C12D18B86B002AEFE7 /* ContentView.swift */ = {isa = PBXFileReference; lastKnownFileType = sourcecode.swift; path = ContentView.swift; sourceTree = "<group>"; };
		2315C2C32D18B86C002AEFE7 /* Assets.xcassets */ = {isa = PBXFileReference; lastKnownFileType = folder.assetcatalog; path = Assets.xcassets; sourceTree = "<group>"; };
		2315C2C62D18B86C002AEFE7 /* Preview Assets.xcassets */ = {isa = PBXFileReference; lastKnownFileType = folder.assetcatalog; path = "Preview Assets.xcassets"; sourceTree = "<group>"; };
		239436C72D1E0A7800B2C616 /* MoneyManager.swift */ = {isa = PBXFileReference; lastKnownFileType = sourcecode.swift; path = MoneyManager.swift; sourceTree = "<group>"; };
		239436C92D1E0AED00B2C616 /* Currency.swift */ = {isa = PBXFileReference; lastKnownFileType = sourcecode.swift; path = Currency.swift; sourceTree = "<group>"; };
		23985FDA2D1A26F4002945CB /* ExpenseView.swift */ = {isa = PBXFileReference; lastKnownFileType = sourcecode.swift; path = ExpenseView.swift; sourceTree = "<group>"; };
		23985FDC2D1A27FC002945CB /* IncomeView.swift */ = {isa = PBXFileReference; lastKnownFileType = sourcecode.swift; path = IncomeView.swift; sourceTree = "<group>"; };
/* End PBXFileReference section */

/* Begin PBXFrameworksBuildPhase section */
		2315C2B92D18B86B002AEFE7 /* Frameworks */ = {
			isa = PBXFrameworksBuildPhase;
			buildActionMask = 2147483647;
			files = (
				230AE6EC2D3BC8DA005336E0 /* GoogleSignIn in Frameworks */,
				230AE6EE2D3BC8DA005336E0 /* GoogleSignInSwift in Frameworks */,
			);
			runOnlyForDeploymentPostprocessing = 0;
		};
/* End PBXFrameworksBuildPhase section */

/* Begin PBXGroup section */
		230AE6F02D3BDA5B005336E0 /* Utils */ = {
			isa = PBXGroup;
			children = (
				230AE6F12D3BDA6F005336E0 /* SignInManager.swift */,
				230AE6F32D3BDB60005336E0 /* KeychainManager.swift */,
				230AE6F52D3BDBE2005336E0 /* URLStorage.swift */,
				230AE6F72D3DBEEB005336E0 /* BundleFix.swift */,
			);
			path = Utils;
			sourceTree = "<group>";
		};
		2313D8492D2F2EBF00517233 /* Money */ = {
			isa = PBXGroup;
			children = (
				239436C72D1E0A7800B2C616 /* MoneyManager.swift */,
				230755FC2D1B74A400CBCA07 /* MoneyOperation.swift */,
				2313D84A2D2F2F0600517233 /* MoneyManagerStorage.swift */,
			);
			path = Money;
			sourceTree = "<group>";
		};
		2315C2B32D18B86B002AEFE7 = {
			isa = PBXGroup;
			children = (
				2315C2BE2D18B86B002AEFE7 /* Landmarks */,
				2315C2BD2D18B86B002AEFE7 /* Products */,
			);
			sourceTree = "<group>";
		};
		2315C2BD2D18B86B002AEFE7 /* Products */ = {
			isa = PBXGroup;
			children = (
				2315C2BC2D18B86B002AEFE7 /* Landmarks.app */,
			);
			name = Products;
			sourceTree = "<group>";
		};
		2315C2BE2D18B86B002AEFE7 /* Landmarks */ = {
			isa = PBXGroup;
			children = (
				230AE6F02D3BDA5B005336E0 /* Utils */,
				230AE6EF2D3BC967005336E0 /* Info.plist */,
				2313D8492D2F2EBF00517233 /* Money */,
				239436C92D1E0AED00B2C616 /* Currency.swift */,
				2315C2BF2D18B86B002AEFE7 /* LandmarksApp.swift */,
				2315C2C12D18B86B002AEFE7 /* ContentView.swift */,
				2315C2C32D18B86C002AEFE7 /* Assets.xcassets */,
				2315C2C52D18B86C002AEFE7 /* Preview Content */,
				23985FDA2D1A26F4002945CB /* ExpenseView.swift */,
				23985FDC2D1A27FC002945CB /* IncomeView.swift */,
				230755FA2D1B714700CBCA07 /* Category.swift */,
				2313D8472D29F12100517233 /* StatsView.swift */,
			);
			path = Landmarks;
			sourceTree = "<group>";
		};
		2315C2C52D18B86C002AEFE7 /* Preview Content */ = {
			isa = PBXGroup;
			children = (
				2315C2C62D18B86C002AEFE7 /* Preview Assets.xcassets */,
			);
			path = "Preview Content";
			sourceTree = "<group>";
		};
/* End PBXGroup section */

/* Begin PBXNativeTarget section */
		2315C2BB2D18B86B002AEFE7 /* Landmarks */ = {
			isa = PBXNativeTarget;
			buildConfigurationList = 2315C2CA2D18B86C002AEFE7 /* Build configuration list for PBXNativeTarget "Landmarks" */;
			buildPhases = (
				2315C2B82D18B86B002AEFE7 /* Sources */,
				2315C2B92D18B86B002AEFE7 /* Frameworks */,
				2315C2BA2D18B86B002AEFE7 /* Resources */,
			);
			buildRules = (
			);
			dependencies = (
			);
			name = Landmarks;
			packageProductDependencies = (
				230AE6EB2D3BC8DA005336E0 /* GoogleSignIn */,
				230AE6ED2D3BC8DA005336E0 /* GoogleSignInSwift */,
			);
			productName = Landmarks;
			productReference = 2315C2BC2D18B86B002AEFE7 /* Landmarks.app */;
			productType = "com.apple.product-type.application";
		};
/* End PBXNativeTarget section */

/* Begin PBXProject section */
		2315C2B42D18B86B002AEFE7 /* Project object */ = {
			isa = PBXProject;
			attributes = {
				BuildIndependentTargetsInParallel = 1;
				LastSwiftUpdateCheck = 1540;
				LastUpgradeCheck = 1540;
				TargetAttributes = {
					2315C2BB2D18B86B002AEFE7 = {
						CreatedOnToolsVersion = 15.4;
					};
				};
			};
			buildConfigurationList = 2315C2B72D18B86B002AEFE7 /* Build configuration list for PBXProject "Landmarks" */;
			compatibilityVersion = "Xcode 14.0";
			developmentRegion = en;
			hasScannedForEncodings = 0;
			knownRegions = (
				en,
				Base,
			);
			mainGroup = 2315C2B32D18B86B002AEFE7;
			packageReferences = (
				230AE6EA2D3BC8DA005336E0 /* XCRemoteSwiftPackageReference "GoogleSignIn-iOS" */,
			);
			productRefGroup = 2315C2BD2D18B86B002AEFE7 /* Products */;
			projectDirPath = "";
			projectRoot = "";
			targets = (
				2315C2BB2D18B86B002AEFE7 /* Landmarks */,
			);
		};
/* End PBXProject section */

/* Begin PBXResourcesBuildPhase section */
		2315C2BA2D18B86B002AEFE7 /* Resources */ = {
			isa = PBXResourcesBuildPhase;
			buildActionMask = 2147483647;
			files = (
				2315C2C72D18B86C002AEFE7 /* Preview Assets.xcassets in Resources */,
				2315C2C42D18B86C002AEFE7 /* Assets.xcassets in Resources */,
			);
			runOnlyForDeploymentPostprocessing = 0;
		};
/* End PBXResourcesBuildPhase section */

/* Begin PBXSourcesBuildPhase section */
		2315C2B82D18B86B002AEFE7 /* Sources */ = {
			isa = PBXSourcesBuildPhase;
			buildActionMask = 2147483647;
			files = (
				230755FD2D1B74A400CBCA07 /* MoneyOperation.swift in Sources */,
				230AE6F62D3BDBE2005336E0 /* URLStorage.swift in Sources */,
				2315C2C22D18B86B002AEFE7 /* ContentView.swift in Sources */,
				230755FB2D1B714700CBCA07 /* Category.swift in Sources */,
				230AE6F22D3BDA6F005336E0 /* SignInManager.swift in Sources */,
				239436C82D1E0A7800B2C616 /* MoneyManager.swift in Sources */,
				2313D84B2D2F2F0600517233 /* MoneyManagerStorage.swift in Sources */,
				230AE6F82D3DBEEB005336E0 /* BundleFix.swift in Sources */,
				239436CA2D1E0AED00B2C616 /* Currency.swift in Sources */,
				230AE6F42D3BDB60005336E0 /* KeychainManager.swift in Sources */,
				23985FDD2D1A27FC002945CB /* IncomeView.swift in Sources */,
				2315C2C02D18B86B002AEFE7 /* LandmarksApp.swift in Sources */,
				23985FDB2D1A26F4002945CB /* ExpenseView.swift in Sources */,
				2313D8482D29F12100517233 /* StatsView.swift in Sources */,
			);
			runOnlyForDeploymentPostprocessing = 0;
		};
/* End PBXSourcesBuildPhase section */

/* Begin XCBuildConfiguration section */
		2315C2C82D18B86C002AEFE7 /* Debug */ = {
			isa = XCBuildConfiguration;
			buildSettings = {
				ALWAYS_SEARCH_USER_PATHS = NO;
				ASSETCATALOG_COMPILER_GENERATE_SWIFT_ASSET_SYMBOL_EXTENSIONS = YES;
				CLANG_ANALYZER_NONNULL = YES;
				CLANG_ANALYZER_NUMBER_OBJECT_CONVERSION = YES_AGGRESSIVE;
				CLANG_CXX_LANGUAGE_STANDARD = "gnu++20";
				CLANG_ENABLE_MODULES = YES;
				CLANG_ENABLE_OBJC_ARC = YES;
				CLANG_ENABLE_OBJC_WEAK = YES;
				CLANG_WARN_BLOCK_CAPTURE_AUTORELEASING = YES;
				CLANG_WARN_BOOL_CONVERSION = YES;
				CLANG_WARN_COMMA = YES;
				CLANG_WARN_CONSTANT_CONVERSION = YES;
				CLANG_WARN_DEPRECATED_OBJC_IMPLEMENTATIONS = YES;
				CLANG_WARN_DIRECT_OBJC_ISA_USAGE = YES_ERROR;
				CLANG_WARN_DOCUMENTATION_COMMENTS = YES;
				CLANG_WARN_EMPTY_BODY = YES;
				CLANG_WARN_ENUM_CONVERSION = YES;
				CLANG_WARN_INFINITE_RECURSION = YES;
				CLANG_WARN_INT_CONVERSION = YES;
				CLANG_WARN_NON_LITERAL_NULL_CONVERSION = YES;
				CLANG_WARN_OBJC_IMPLICIT_RETAIN_SELF = YES;
				CLANG_WARN_OBJC_LITERAL_CONVERSION = YES;
				CLANG_WARN_OBJC_ROOT_CLASS = YES_ERROR;
				CLANG_WARN_QUOTED_INCLUDE_IN_FRAMEWORK_HEADER = YES;
				CLANG_WARN_RANGE_LOOP_ANALYSIS = YES;
				CLANG_WARN_STRICT_PROTOTYPES = YES;
				CLANG_WARN_SUSPICIOUS_MOVE = YES;
				CLANG_WARN_UNGUARDED_AVAILABILITY = YES_AGGRESSIVE;
				CLANG_WARN_UNREACHABLE_CODE = YES;
				CLANG_WARN__DUPLICATE_METHOD_MATCH = YES;
				COPY_PHASE_STRIP = NO;
				DEBUG_INFORMATION_FORMAT = dwarf;
				ENABLE_STRICT_OBJC_MSGSEND = YES;
				ENABLE_TESTABILITY = YES;
				ENABLE_USER_SCRIPT_SANDBOXING = YES;
				GCC_C_LANGUAGE_STANDARD = gnu17;
				GCC_DYNAMIC_NO_PIC = NO;
				GCC_NO_COMMON_BLOCKS = YES;
				GCC_OPTIMIZATION_LEVEL = 0;
				GCC_PREPROCESSOR_DEFINITIONS = (
					"DEBUG=1",
					"$(inherited)",
				);
				GCC_WARN_64_TO_32_BIT_CONVERSION = YES;
				GCC_WARN_ABOUT_RETURN_TYPE = YES_ERROR;
				GCC_WARN_UNDECLARED_SELECTOR = YES;
				GCC_WARN_UNINITIALIZED_AUTOS = YES_AGGRESSIVE;
				GCC_WARN_UNUSED_FUNCTION = YES;
				GCC_WARN_UNUSED_VARIABLE = YES;
				IPHONEOS_DEPLOYMENT_TARGET = 17.0;
				LOCALIZATION_PREFERS_STRING_CATALOGS = YES;
				MTL_ENABLE_DEBUG_INFO = INCLUDE_SOURCE;
				MTL_FAST_MATH = YES;
				ONLY_ACTIVE_ARCH = YES;
				SDKROOT = iphoneos;
				SWIFT_ACTIVE_COMPILATION_CONDITIONS = "DEBUG $(inherited)";
				SWIFT_OPTIMIZATION_LEVEL = "-Onone";
			};
			name = Debug;
		};
		2315C2C92D18B86C002AEFE7 /* Release */ = {
			isa = XCBuildConfiguration;
			buildSettings = {
				ALWAYS_SEARCH_USER_PATHS = NO;
				ASSETCATALOG_COMPILER_GENERATE_SWIFT_ASSET_SYMBOL_EXTENSIONS = YES;
				CLANG_ANALYZER_NONNULL = YES;
				CLANG_ANALYZER_NUMBER_OBJECT_CONVERSION = YES_AGGRESSIVE;
				CLANG_CXX_LANGUAGE_STANDARD = "gnu++20";
				CLANG_ENABLE_MODULES = YES;
				CLANG_ENABLE_OBJC_ARC = YES;
				CLANG_ENABLE_OBJC_WEAK = YES;
				CLANG_WARN_BLOCK_CAPTURE_AUTORELEASING = YES;
				CLANG_WARN_BOOL_CONVERSION = YES;
				CLANG_WARN_COMMA = YES;
				CLANG_WARN_CONSTANT_CONVERSION = YES;
				CLANG_WARN_DEPRECATED_OBJC_IMPLEMENTATIONS = YES;
				CLANG_WARN_DIRECT_OBJC_ISA_USAGE = YES_ERROR;
				CLANG_WARN_DOCUMENTATION_COMMENTS = YES;
				CLANG_WARN_EMPTY_BODY = YES;
				CLANG_WARN_ENUM_CONVERSION = YES;
				CLANG_WARN_INFINITE_RECURSION = YES;
				CLANG_WARN_INT_CONVERSION = YES;
				CLANG_WARN_NON_LITERAL_NULL_CONVERSION = YES;
				CLANG_WARN_OBJC_IMPLICIT_RETAIN_SELF = YES;
				CLANG_WARN_OBJC_LITERAL_CONVERSION = YES;
				CLANG_WARN_OBJC_ROOT_CLASS = YES_ERROR;
				CLANG_WARN_QUOTED_INCLUDE_IN_FRAMEWORK_HEADER = YES;
				CLANG_WARN_RANGE_LOOP_ANALYSIS = YES;
				CLANG_WARN_STRICT_PROTOTYPES = YES;
				CLANG_WARN_SUSPICIOUS_MOVE = YES;
				CLANG_WARN_UNGUARDED_AVAILABILITY = YES_AGGRESSIVE;
				CLANG_WARN_UNREACHABLE_CODE = YES;
				CLANG_WARN__DUPLICATE_METHOD_MATCH = YES;
				COPY_PHASE_STRIP = NO;
				DEBUG_INFORMATION_FORMAT = "dwarf-with-dsym";
				ENABLE_NS_ASSERTIONS = NO;
				ENABLE_STRICT_OBJC_MSGSEND = YES;
				ENABLE_USER_SCRIPT_SANDBOXING = YES;
				GCC_C_LANGUAGE_STANDARD = gnu17;
				GCC_NO_COMMON_BLOCKS = YES;
				GCC_WARN_64_TO_32_BIT_CONVERSION = YES;
				GCC_WARN_ABOUT_RETURN_TYPE = YES_ERROR;
				GCC_WARN_UNDECLARED_SELECTOR = YES;
				GCC_WARN_UNINITIALIZED_AUTOS = YES_AGGRESSIVE;
				GCC_WARN_UNUSED_FUNCTION = YES;
				GCC_WARN_UNUSED_VARIABLE = YES;
				IPHONEOS_DEPLOYMENT_TARGET = 17.0;
				LOCALIZATION_PREFERS_STRING_CATALOGS = YES;
				MTL_ENABLE_DEBUG_INFO = NO;
				MTL_FAST_MATH = YES;
				SDKROOT = iphoneos;
				SWIFT_COMPILATION_MODE = wholemodule;
				VALIDATE_PRODUCT = YES;
			};
			name = Release;
		};
		2315C2CB2D18B86C002AEFE7 /* Debug */ = {
			isa = XCBuildConfiguration;
			buildSettings = {
				ASSETCATALOG_COMPILER_APPICON_NAME = AppIcon;
				ASSETCATALOG_COMPILER_GLOBAL_ACCENT_COLOR_NAME = AccentColor;
				CODE_SIGN_STYLE = Automatic;
				CURRENT_PROJECT_VERSION = 1;
				DEVELOPMENT_ASSET_PATHS = "\"Landmarks/Preview Content\"";
				DEVELOPMENT_TEAM = N2TUL7J476;
				ENABLE_PREVIEWS = YES;
				GENERATE_INFOPLIST_FILE = YES;
				INFOPLIST_FILE = Landmarks/Info.plist;
				INFOPLIST_KEY_CFBundleDisplayName = MoneyAI;
				INFOPLIST_KEY_LSApplicationCategoryType = "public.app-category.finance";
				INFOPLIST_KEY_UIApplicationSceneManifest_Generation = YES;
				INFOPLIST_KEY_UIApplicationSupportsIndirectInputEvents = YES;
				INFOPLIST_KEY_UILaunchScreen_Generation = YES;
				INFOPLIST_KEY_UIStatusBarStyle = UIStatusBarStyleLightContent;
				INFOPLIST_KEY_UISupportedInterfaceOrientations = UIInterfaceOrientationPortrait;
				LD_RUNPATH_SEARCH_PATHS = (
					"$(inherited)",
					"@executable_path/Frameworks",
				);
				MARKETING_VERSION = 0.1;
				PRODUCT_BUNDLE_IDENTIFIER = com.rbetik12.moneyapp;
				PRODUCT_NAME = "$(TARGET_NAME)";
				SUPPORTED_PLATFORMS = "iphoneos iphonesimulator";
				SUPPORTS_MACCATALYST = NO;
				SUPPORTS_MAC_DESIGNED_FOR_IPHONE_IPAD = YES;
				SUPPORTS_XR_DESIGNED_FOR_IPHONE_IPAD = NO;
				SWIFT_EMIT_LOC_STRINGS = YES;
				SWIFT_VERSION = 5.0;
				TARGETED_DEVICE_FAMILY = "1,2";
			};
			name = Debug;
		};
		2315C2CC2D18B86C002AEFE7 /* Release */ = {
			isa = XCBuildConfiguration;
			buildSettings = {
				ASSETCATALOG_COMPILER_APPICON_NAME = AppIcon;
				ASSETCATALOG_COMPILER_GLOBAL_ACCENT_COLOR_NAME = AccentColor;
				CODE_SIGN_STYLE = Automatic;
				CURRENT_PROJECT_VERSION = 1;
				DEVELOPMENT_ASSET_PATHS = "\"Landmarks/Preview Content\"";
				DEVELOPMENT_TEAM = N2TUL7J476;
				ENABLE_PREVIEWS = YES;
				GENERATE_INFOPLIST_FILE = YES;
				INFOPLIST_FILE = Landmarks/Info.plist;
				INFOPLIST_KEY_CFBundleDisplayName = MoneyAI;
				INFOPLIST_KEY_LSApplicationCategoryType = "public.app-category.finance";
				INFOPLIST_KEY_UIApplicationSceneManifest_Generation = YES;
				INFOPLIST_KEY_UIApplicationSupportsIndirectInputEvents = YES;
				INFOPLIST_KEY_UILaunchScreen_Generation = YES;
				INFOPLIST_KEY_UIStatusBarStyle = UIStatusBarStyleLightContent;
				INFOPLIST_KEY_UISupportedInterfaceOrientations = UIInterfaceOrientationPortrait;
				LD_RUNPATH_SEARCH_PATHS = (
					"$(inherited)",
					"@executable_path/Frameworks",
				);
				MARKETING_VERSION = 0.1;
				PRODUCT_BUNDLE_IDENTIFIER = com.rbetik12.moneyapp;
				PRODUCT_NAME = "$(TARGET_NAME)";
				SUPPORTED_PLATFORMS = "iphoneos iphonesimulator";
				SUPPORTS_MACCATALYST = NO;
				SUPPORTS_MAC_DESIGNED_FOR_IPHONE_IPAD = YES;
				SUPPORTS_XR_DESIGNED_FOR_IPHONE_IPAD = NO;
				SWIFT_EMIT_LOC_STRINGS = YES;
				SWIFT_VERSION = 5.0;
				TARGETED_DEVICE_FAMILY = "1,2";
			};
			name = Release;
		};
/* End XCBuildConfiguration section */

/* Begin XCConfigurationList section */
		2315C2B72D18B86B002AEFE7 /* Build configuration list for PBXProject "Landmarks" */ = {
			isa = XCConfigurationList;
			buildConfigurations = (
				2315C2C82D18B86C002AEFE7 /* Debug */,
				2315C2C92D18B86C002AEFE7 /* Release */,
			);
			defaultConfigurationIsVisible = 0;
			defaultConfigurationName = Release;
		};
		2315C2CA2D18B86C002AEFE7 /* Build configuration list for PBXNativeTarget "Landmarks" */ = {
			isa = XCConfigurationList;
			buildConfigurations = (
				2315C2CB2D18B86C002AEFE7 /* Debug */,
				2315C2CC2D18B86C002AEFE7 /* Release */,
			);
			defaultConfigurationIsVisible = 0;
			defaultConfigurationName = Release;
		};
/* End XCConfigurationList section */

/* Begin XCRemoteSwiftPackageReference section */
		230AE6EA2D3BC8DA005336E0 /* XCRemoteSwiftPackageReference "GoogleSignIn-iOS" */ = {
			isa = XCRemoteSwiftPackageReference;
			repositoryURL = "https://github.com/google/GoogleSignIn-iOS";
			requirement = {
				kind = upToNextMajorVersion;
				minimumVersion = 8.0.0;
			};
		};
/* End XCRemoteSwiftPackageReference section */

/* Begin XCSwiftPackageProductDependency section */
		230AE6EB2D3BC8DA005336E0 /* GoogleSignIn */ = {
			isa = XCSwiftPackageProductDependency;
			package = 230AE6EA2D3BC8DA005336E0 /* XCRemoteSwiftPackageReference "GoogleSignIn-iOS" */;
			productName = GoogleSignIn;
		};
		230AE6ED2D3BC8DA005336E0 /* GoogleSignInSwift */ = {
			isa = XCSwiftPackageProductDependency;
			package = 230AE6EA2D3BC8DA005336E0 /* XCRemoteSwiftPackageReference "GoogleSignIn-iOS" */;
			productName = GoogleSignInSwift;
		};
/* End XCSwiftPackageProductDependency section */
	};
	rootObject = 2315C2B42D18B86B002AEFE7 /* Project object */;
}
